
Microsoft Visual Studio Solution File, Format Version 12.00
# Visual Studio 14
VisualStudioVersion = 14.0.24720.0
MinimumVisualStudioVersion = 10.0.40219.1
Project("{FAE04EC0-301F-11D3-BF4B-00C04F79EFBC}") = "HelloWorld", "HelloWorld\HelloWorld.csproj", "{70010F93-D321-4EEF-B91E-45C602E77819}"
EndProject
Project("{151D2E53-A2C4-4D7D-83FE-D05416EBD58E}") = "Deployment", "Deployment\Deployment.deployproj", "{BDD52CE9-E7C4-4464-B754-0AEE09753DAD}"
EndProject
Project("{2150E333-8FDC-42A3-9474-1A3956D46DE8}") = "Solution Items", "Solution Items", "{1C903F3D-51C2-4E23-9DCD-DF816ECE9FCC}"
	ProjectSection(SolutionItems) = preProject
		azuredeploy.json = azuredeploy.json
		README.md = README.md
	EndProjectSection
EndProject
Global
	GlobalSection(SolutionConfigurationPlatforms) = preSolution
		Debug|Any CPU = Debug|Any CPU
		Release|Any CPU = Release|Any CPU
	EndGlobalSection
	GlobalSection(ProjectConfigurationPlatforms) = postSolution
		{70010F93-D321-4EEF-B91E-45C602E77819}.Debug|Any CPU.ActiveCfg = Debug|Any CPU
		{70010F93-D321-4EEF-B91E-45C602E77819}.Debug|Any CPU.Build.0 = Debug|Any CPU
		{70010F93-D321-4EEF-B91E-45C602E77819}.Release|Any CPU.ActiveCfg = Release|Any CPU
		{70010F93-D321-4EEF-B91E-45C602E77819}.Release|Any CPU.Build.0 = Release|Any CPU
		{BDD52CE9-E7C4-4464-B754-0AEE09753DAD}.Debug|Any CPU.ActiveCfg = Debug|Any CPU
		{BDD52CE9-E7C4-4464-B754-0AEE09753DAD}.Debug|Any CPU.Build.0 = Debug|Any CPU
		{BDD52CE9-E7C4-4464-B754-0AEE09753DAD}.Release|Any CPU.ActiveCfg = Release|Any CPU
		{BDD52CE9-E7C4-4464-B754-0AEE09753DAD}.Release|Any CPU.Build.0 = Release|Any CPU
	EndGlobalSection
	GlobalSection(SolutionProperties) = preSolution
		HideSolutionNode = FALSE
	EndGlobalSection
EndGlobal
